// !$*UTF8*$!
{
	archiveVersion = 1;
	classes = {
	};
	objectVersion = 60;
	objects = {

/* Begin PBXBuildFile section */
		813E984D2B9479F9000A616C /* ConsultView.swift in Sources */ = {isa = PBXBuildFile; fileRef = 813E984C2B9479F9000A616C /* ConsultView.swift */; };
		818504972B930A3900989BE3 /* PocketDocApp.swift in Sources */ = {isa = PBXBuildFile; fileRef = 818504962B930A3900989BE3 /* PocketDocApp.swift */; };
		818504992B930A3900989BE3 /* ContentView.swift in Sources */ = {isa = PBXBuildFile; fileRef = 818504982B930A3900989BE3 /* ContentView.swift */; };
		8185049B2B930A3900989BE3 /* Item.swift in Sources */ = {isa = PBXBuildFile; fileRef = 8185049A2B930A3900989BE3 /* Item.swift */; };
		8185049D2B930A3C00989BE3 /* Assets.xcassets in Resources */ = {isa = PBXBuildFile; fileRef = 8185049C2B930A3C00989BE3 /* Assets.xcassets */; };
		818504A02B930A3C00989BE3 /* Preview Assets.xcassets in Resources */ = {isa = PBXBuildFile; fileRef = 8185049F2B930A3C00989BE3 /* Preview Assets.xcassets */; };
		818504AA2B930A3D00989BE3 /* PocketDocTests.swift in Sources */ = {isa = PBXBuildFile; fileRef = 818504A92B930A3D00989BE3 /* PocketDocTests.swift */; };
		818504B42B930A3D00989BE3 /* PocketDocUITests.swift in Sources */ = {isa = PBXBuildFile; fileRef = 818504B32B930A3D00989BE3 /* PocketDocUITests.swift */; };
		818504B62B930A3D00989BE3 /* PocketDocUITestsLaunchTests.swift in Sources */ = {isa = PBXBuildFile; fileRef = 818504B52B930A3D00989BE3 /* PocketDocUITestsLaunchTests.swift */; };
		818504C32B937ED200989BE3 /* Profile.swift in Sources */ = {isa = PBXBuildFile; fileRef = 818504C22B937ED200989BE3 /* Profile.swift */; };
		818504C62B93867900989BE3 /* Auth0 in Frameworks */ = {isa = PBXBuildFile; productRef = 818504C52B93867900989BE3 /* Auth0 */; };
		818504C82B93874800989BE3 /* Auth0.plist in Resources */ = {isa = PBXBuildFile; fileRef = 818504C72B93874800989BE3 /* Auth0.plist */; };
		818504CB2B93EA6600989BE3 /* Cohere in Frameworks */ = {isa = PBXBuildFile; productRef = 818504CA2B93EA6600989BE3 /* Cohere */; };
		818504CE2B9419B100989BE3 /* SQLite in Frameworks */ = {isa = PBXBuildFile; productRef = 818504CD2B9419B100989BE3 /* SQLite */; };
/* End PBXBuildFile section */

/* Begin PBXContainerItemProxy section */
		818504A62B930A3D00989BE3 /* PBXContainerItemProxy */ = {
			isa = PBXContainerItemProxy;
			containerPortal = 8185048B2B930A3900989BE3 /* Project object */;
			proxyType = 1;
			remoteGlobalIDString = 818504922B930A3900989BE3;
			remoteInfo = PocketDoc;
		};
		818504B02B930A3D00989BE3 /* PBXContainerItemProxy */ = {
			isa = PBXContainerItemProxy;
			containerPortal = 8185048B2B930A3900989BE3 /* Project object */;
			proxyType = 1;
			remoteGlobalIDString = 818504922B930A3900989BE3;
			remoteInfo = PocketDoc;
		};
/* End PBXContainerItemProxy section */

/* Begin PBXFileReference section */
		813E984C2B9479F9000A616C /* ConsultView.swift */ = {isa = PBXFileReference; lastKnownFileType = sourcecode.swift; path = ConsultView.swift; sourceTree = "<group>"; };
		818504932B930A3900989BE3 /* PocketDoc.app */ = {isa = PBXFileReference; explicitFileType = wrapper.application; includeInIndex = 0; path = PocketDoc.app; sourceTree = BUILT_PRODUCTS_DIR; };
		818504962B930A3900989BE3 /* PocketDocApp.swift */ = {isa = PBXFileReference; lastKnownFileType = sourcecode.swift; path = PocketDocApp.swift; sourceTree = "<group>"; };
		818504982B930A3900989BE3 /* ContentView.swift */ = {isa = PBXFileReference; lastKnownFileType = sourcecode.swift; path = ContentView.swift; sourceTree = "<group>"; };
		8185049A2B930A3900989BE3 /* Item.swift */ = {isa = PBXFileReference; lastKnownFileType = sourcecode.swift; path = Item.swift; sourceTree = "<group>"; };
		8185049C2B930A3C00989BE3 /* Assets.xcassets */ = {isa = PBXFileReference; lastKnownFileType = folder.assetcatalog; path = Assets.xcassets; sourceTree = "<group>"; };
		8185049F2B930A3C00989BE3 /* Preview Assets.xcassets */ = {isa = PBXFileReference; lastKnownFileType = folder.assetcatalog; path = "Preview Assets.xcassets"; sourceTree = "<group>"; };
		818504A52B930A3D00989BE3 /* PocketDocTests.xctest */ = {isa = PBXFileReference; explicitFileType = wrapper.cfbundle; includeInIndex = 0; path = PocketDocTests.xctest; sourceTree = BUILT_PRODUCTS_DIR; };
		818504A92B930A3D00989BE3 /* PocketDocTests.swift */ = {isa = PBXFileReference; lastKnownFileType = sourcecode.swift; path = PocketDocTests.swift; sourceTree = "<group>"; };
		818504AF2B930A3D00989BE3 /* PocketDocUITests.xctest */ = {isa = PBXFileReference; explicitFileType = wrapper.cfbundle; includeInIndex = 0; path = PocketDocUITests.xctest; sourceTree = BUILT_PRODUCTS_DIR; };
		818504B32B930A3D00989BE3 /* PocketDocUITests.swift */ = {isa = PBXFileReference; lastKnownFileType = sourcecode.swift; path = PocketDocUITests.swift; sourceTree = "<group>"; };
		818504B52B930A3D00989BE3 /* PocketDocUITestsLaunchTests.swift */ = {isa = PBXFileReference; lastKnownFileType = sourcecode.swift; path = PocketDocUITestsLaunchTests.swift; sourceTree = "<group>"; };
		818504C22B937ED200989BE3 /* Profile.swift */ = {isa = PBXFileReference; lastKnownFileType = sourcecode.swift; path = Profile.swift; sourceTree = "<group>"; };
		818504C72B93874800989BE3 /* Auth0.plist */ = {isa = PBXFileReference; lastKnownFileType = text.plist.xml; path = Auth0.plist; sourceTree = "<group>"; };
/* End PBXFileReference section */

/* Begin PBXFrameworksBuildPhase section */
		818504902B930A3900989BE3 /* Frameworks */ = {
			isa = PBXFrameworksBuildPhase;
			buildActionMask = 2147483647;
			files = (
				818504CE2B9419B100989BE3 /* SQLite in Frameworks */,
				818504CB2B93EA6600989BE3 /* Cohere in Frameworks */,
				818504C62B93867900989BE3 /* Auth0 in Frameworks */,
			);
			runOnlyForDeploymentPostprocessing = 0;
		};
		818504A22B930A3D00989BE3 /* Frameworks */ = {
			isa = PBXFrameworksBuildPhase;
			buildActionMask = 2147483647;
			files = (
			);
			runOnlyForDeploymentPostprocessing = 0;
		};
		818504AC2B930A3D00989BE3 /* Frameworks */ = {
			isa = PBXFrameworksBuildPhase;
			buildActionMask = 2147483647;
			files = (
			);
			runOnlyForDeploymentPostprocessing = 0;
		};
/* End PBXFrameworksBuildPhase section */

/* Begin PBXGroup section */
		8185048A2B930A3900989BE3 = {
			isa = PBXGroup;
			children = (
				818504952B930A3900989BE3 /* PocketDoc */,
				818504A82B930A3D00989BE3 /* PocketDocTests */,
				818504B22B930A3D00989BE3 /* PocketDocUITests */,
				818504942B930A3900989BE3 /* Products */,
			);
			sourceTree = "<group>";
		};
		818504942B930A3900989BE3 /* Products */ = {
			isa = PBXGroup;
			children = (
				818504932B930A3900989BE3 /* PocketDoc.app */,
				818504A52B930A3D00989BE3 /* PocketDocTests.xctest */,
				818504AF2B930A3D00989BE3 /* PocketDocUITests.xctest */,
			);
			name = Products;
			sourceTree = "<group>";
		};
		818504952B930A3900989BE3 /* PocketDoc */ = {
			isa = PBXGroup;
			children = (
				818504962B930A3900989BE3 /* PocketDocApp.swift */,
				818504982B930A3900989BE3 /* ContentView.swift */,
				8185049A2B930A3900989BE3 /* Item.swift */,
				8185049C2B930A3C00989BE3 /* Assets.xcassets */,
				8185049E2B930A3C00989BE3 /* Preview Content */,
				818504C22B937ED200989BE3 /* Profile.swift */,
				818504C72B93874800989BE3 /* Auth0.plist */,
				813E984C2B9479F9000A616C /* ConsultView.swift */,
			);
			path = PocketDoc;
			sourceTree = "<group>";
		};
		8185049E2B930A3C00989BE3 /* Preview Content */ = {
			isa = PBXGroup;
			children = (
				8185049F2B930A3C00989BE3 /* Preview Assets.xcassets */,
			);
			path = "Preview Content";
			sourceTree = "<group>";
		};
		818504A82B930A3D00989BE3 /* PocketDocTests */ = {
			isa = PBXGroup;
			children = (
				818504A92B930A3D00989BE3 /* PocketDocTests.swift */,
			);
			path = PocketDocTests;
			sourceTree = "<group>";
		};
		818504B22B930A3D00989BE3 /* PocketDocUITests */ = {
			isa = PBXGroup;
			children = (
				818504B32B930A3D00989BE3 /* PocketDocUITests.swift */,
				818504B52B930A3D00989BE3 /* PocketDocUITestsLaunchTests.swift */,
			);
			path = PocketDocUITests;
			sourceTree = "<group>";
		};
/* End PBXGroup section */

/* Begin PBXNativeTarget section */
		818504922B930A3900989BE3 /* PocketDoc */ = {
			isa = PBXNativeTarget;
			buildConfigurationList = 818504B92B930A3D00989BE3 /* Build configuration list for PBXNativeTarget "PocketDoc" */;
			buildPhases = (
				8185048F2B930A3900989BE3 /* Sources */,
				818504902B930A3900989BE3 /* Frameworks */,
				818504912B930A3900989BE3 /* Resources */,
			);
			buildRules = (
			);
			dependencies = (
			);
			name = PocketDoc;
			packageProductDependencies = (
				818504C52B93867900989BE3 /* Auth0 */,
				818504CA2B93EA6600989BE3 /* Cohere */,
				818504CD2B9419B100989BE3 /* SQLite */,
			);
			productName = PocketDoc;
			productReference = 818504932B930A3900989BE3 /* PocketDoc.app */;
			productType = "com.apple.product-type.application";
		};
		818504A42B930A3D00989BE3 /* PocketDocTests */ = {
			isa = PBXNativeTarget;
			buildConfigurationList = 818504BC2B930A3D00989BE3 /* Build configuration list for PBXNativeTarget "PocketDocTests" */;
			buildPhases = (
				818504A12B930A3D00989BE3 /* Sources */,
				818504A22B930A3D00989BE3 /* Frameworks */,
				818504A32B930A3D00989BE3 /* Resources */,
			);
			buildRules = (
			);
			dependencies = (
				818504A72B930A3D00989BE3 /* PBXTargetDependency */,
			);
			name = PocketDocTests;
			productName = PocketDocTests;
			productReference = 818504A52B930A3D00989BE3 /* PocketDocTests.xctest */;
			productType = "com.apple.product-type.bundle.unit-test";
		};
		818504AE2B930A3D00989BE3 /* PocketDocUITests */ = {
			isa = PBXNativeTarget;
			buildConfigurationList = 818504BF2B930A3D00989BE3 /* Build configuration list for PBXNativeTarget "PocketDocUITests" */;
			buildPhases = (
				818504AB2B930A3D00989BE3 /* Sources */,
				818504AC2B930A3D00989BE3 /* Frameworks */,
				818504AD2B930A3D00989BE3 /* Resources */,
			);
			buildRules = (
			);
			dependencies = (
				818504B12B930A3D00989BE3 /* PBXTargetDependency */,
			);
			name = PocketDocUITests;
			productName = PocketDocUITests;
			productReference = 818504AF2B930A3D00989BE3 /* PocketDocUITests.xctest */;
			productType = "com.apple.product-type.bundle.ui-testing";
		};
/* End PBXNativeTarget section */

/* Begin PBXProject section */
		8185048B2B930A3900989BE3 /* Project object */ = {
			isa = PBXProject;
			attributes = {
				BuildIndependentTargetsInParallel = 1;
				LastSwiftUpdateCheck = 1520;
				LastUpgradeCheck = 1520;
				TargetAttributes = {
					818504922B930A3900989BE3 = {
						CreatedOnToolsVersion = 15.2;
					};
					818504A42B930A3D00989BE3 = {
						CreatedOnToolsVersion = 15.2;
						TestTargetID = 818504922B930A3900989BE3;
					};
					818504AE2B930A3D00989BE3 = {
						CreatedOnToolsVersion = 15.2;
						TestTargetID = 818504922B930A3900989BE3;
					};
				};
			};
			buildConfigurationList = 8185048E2B930A3900989BE3 /* Build configuration list for PBXProject "PocketDoc" */;
			compatibilityVersion = "Xcode 14.0";
			developmentRegion = en;
			hasScannedForEncodings = 0;
			knownRegions = (
				en,
				Base,
			);
			mainGroup = 8185048A2B930A3900989BE3;
			packageReferences = (
				818504C42B93867900989BE3 /* XCRemoteSwiftPackageReference "Auth0" */,
				818504C92B93EA6600989BE3 /* XCLocalSwiftPackageReference "../Downloads/Cohere-main" */,
				818504CC2B9419B000989BE3 /* XCRemoteSwiftPackageReference "SQLite" */,
			);
			productRefGroup = 818504942B930A3900989BE3 /* Products */;
			projectDirPath = "";
			projectRoot = "";
			targets = (
				818504922B930A3900989BE3 /* PocketDoc */,
				818504A42B930A3D00989BE3 /* PocketDocTests */,
				818504AE2B930A3D00989BE3 /* PocketDocUITests */,
			);
		};
/* End PBXProject section */

/* Begin PBXResourcesBuildPhase section */
		818504912B930A3900989BE3 /* Resources */ = {
			isa = PBXResourcesBuildPhase;
			buildActionMask = 2147483647;
			files = (
				818504A02B930A3C00989BE3 /* Preview Assets.xcassets in Resources */,
				818504C82B93874800989BE3 /* Auth0.plist in Resources */,
				8185049D2B930A3C00989BE3 /* Assets.xcassets in Resources */,
			);
			runOnlyForDeploymentPostprocessing = 0;
		};
		818504A32B930A3D00989BE3 /* Resources */ = {
			isa = PBXResourcesBuildPhase;
			buildActionMask = 2147483647;
			files = (
			);
			runOnlyForDeploymentPostprocessing = 0;
		};
		818504AD2B930A3D00989BE3 /* Resources */ = {
			isa = PBXResourcesBuildPhase;
			buildActionMask = 2147483647;
			files = (
			);
			runOnlyForDeploymentPostprocessing = 0;
		};
/* End PBXResourcesBuildPhase section */

/* Begin PBXSourcesBuildPhase section */
		8185048F2B930A3900989BE3 /* Sources */ = {
			isa = PBXSourcesBuildPhase;
			buildActionMask = 2147483647;
			files = (
				818504992B930A3900989BE3 /* ContentView.swift in Sources */,
				818504C32B937ED200989BE3 /* Profile.swift in Sources */,
				813E984D2B9479F9000A616C /* ConsultView.swift in Sources */,
				8185049B2B930A3900989BE3 /* Item.swift in Sources */,
				818504972B930A3900989BE3 /* PocketDocApp.swift in Sources */,
			);
			runOnlyForDeploymentPostprocessing = 0;
		};
		818504A12B930A3D00989BE3 /* Sources */ = {
			isa = PBXSourcesBuildPhase;
			buildActionMask = 2147483647;
			files = (
				818504AA2B930A3D00989BE3 /* PocketDocTests.swift in Sources */,
			);
			runOnlyForDeploymentPostprocessing = 0;
		};
		818504AB2B930A3D00989BE3 /* Sources */ = {
			isa = PBXSourcesBuildPhase;
			buildActionMask = 2147483647;
			files = (
				818504B42B930A3D00989BE3 /* PocketDocUITests.swift in Sources */,
				818504B62B930A3D00989BE3 /* PocketDocUITestsLaunchTests.swift in Sources */,
			);
			runOnlyForDeploymentPostprocessing = 0;
		};
/* End PBXSourcesBuildPhase section */

/* Begin PBXTargetDependency section */
		818504A72B930A3D00989BE3 /* PBXTargetDependency */ = {
			isa = PBXTargetDependency;
			target = 818504922B930A3900989BE3 /* PocketDoc */;
			targetProxy = 818504A62B930A3D00989BE3 /* PBXContainerItemProxy */;
		};
		818504B12B930A3D00989BE3 /* PBXTargetDependency */ = {
			isa = PBXTargetDependency;
			target = 818504922B930A3900989BE3 /* PocketDoc */;
			targetProxy = 818504B02B930A3D00989BE3 /* PBXContainerItemProxy */;
		};
/* End PBXTargetDependency section */

/* Begin XCBuildConfiguration section */
		818504B72B930A3D00989BE3 /* Debug */ = {
			isa = XCBuildConfiguration;
			buildSettings = {
				ALWAYS_SEARCH_USER_PATHS = NO;
				ASSETCATALOG_COMPILER_GENERATE_SWIFT_ASSET_SYMBOL_EXTENSIONS = YES;
				CLANG_ANALYZER_NONNULL = YES;
				CLANG_ANALYZER_NUMBER_OBJECT_CONVERSION = YES_AGGRESSIVE;
				CLANG_CXX_LANGUAGE_STANDARD = "gnu++20";
				CLANG_ENABLE_MODULES = YES;
				CLANG_ENABLE_OBJC_ARC = YES;
				CLANG_ENABLE_OBJC_WEAK = YES;
				CLANG_WARN_BLOCK_CAPTURE_AUTORELEASING = YES;
				CLANG_WARN_BOOL_CONVERSION = YES;
				CLANG_WARN_COMMA = YES;
				CLANG_WARN_CONSTANT_CONVERSION = YES;
				CLANG_WARN_DEPRECATED_OBJC_IMPLEMENTATIONS = YES;
				CLANG_WARN_DIRECT_OBJC_ISA_USAGE = YES_ERROR;
				CLANG_WARN_DOCUMENTATION_COMMENTS = YES;
				CLANG_WARN_EMPTY_BODY = YES;
				CLANG_WARN_ENUM_CONVERSION = YES;
				CLANG_WARN_INFINITE_RECURSION = YES;
				CLANG_WARN_INT_CONVERSION = YES;
				CLANG_WARN_NON_LITERAL_NULL_CONVERSION = YES;
				CLANG_WARN_OBJC_IMPLICIT_RETAIN_SELF = YES;
				CLANG_WARN_OBJC_LITERAL_CONVERSION = YES;
				CLANG_WARN_OBJC_ROOT_CLASS = YES_ERROR;
				CLANG_WARN_QUOTED_INCLUDE_IN_FRAMEWORK_HEADER = YES;
				CLANG_WARN_RANGE_LOOP_ANALYSIS = YES;
				CLANG_WARN_STRICT_PROTOTYPES = YES;
				CLANG_WARN_SUSPICIOUS_MOVE = YES;
				CLANG_WARN_UNGUARDED_AVAILABILITY = YES_AGGRESSIVE;
				CLANG_WARN_UNREACHABLE_CODE = YES;
				CLANG_WARN__DUPLICATE_METHOD_MATCH = YES;
				COPY_PHASE_STRIP = NO;
				DEBUG_INFORMATION_FORMAT = dwarf;
				ENABLE_STRICT_OBJC_MSGSEND = YES;
				ENABLE_TESTABILITY = YES;
				ENABLE_USER_SCRIPT_SANDBOXING = YES;
				GCC_C_LANGUAGE_STANDARD = gnu17;
				GCC_DYNAMIC_NO_PIC = NO;
				GCC_NO_COMMON_BLOCKS = YES;
				GCC_OPTIMIZATION_LEVEL = 0;
				GCC_PREPROCESSOR_DEFINITIONS = (
					"DEBUG=1",
					"$(inherited)",
				);
				GCC_WARN_64_TO_32_BIT_CONVERSION = YES;
				GCC_WARN_ABOUT_RETURN_TYPE = YES_ERROR;
				GCC_WARN_UNDECLARED_SELECTOR = YES;
				GCC_WARN_UNINITIALIZED_AUTOS = YES_AGGRESSIVE;
				GCC_WARN_UNUSED_FUNCTION = YES;
				GCC_WARN_UNUSED_VARIABLE = YES;
				IPHONEOS_DEPLOYMENT_TARGET = 17.2;
				LOCALIZATION_PREFERS_STRING_CATALOGS = YES;
				MTL_ENABLE_DEBUG_INFO = INCLUDE_SOURCE;
				MTL_FAST_MATH = YES;
				ONLY_ACTIVE_ARCH = YES;
				SDKROOT = iphoneos;
				SWIFT_ACTIVE_COMPILATION_CONDITIONS = "DEBUG $(inherited)";
				SWIFT_OPTIMIZATION_LEVEL = "-Onone";
			};
			name = Debug;
		};
		818504B82B930A3D00989BE3 /* Release */ = {
			isa = XCBuildConfiguration;
			buildSettings = {
				ALWAYS_SEARCH_USER_PATHS = NO;
				ASSETCATALOG_COMPILER_GENERATE_SWIFT_ASSET_SYMBOL_EXTENSIONS = YES;
				CLANG_ANALYZER_NONNULL = YES;
				CLANG_ANALYZER_NUMBER_OBJECT_CONVERSION = YES_AGGRESSIVE;
				CLANG_CXX_LANGUAGE_STANDARD = "gnu++20";
				CLANG_ENABLE_MODULES = YES;
				CLANG_ENABLE_OBJC_ARC = YES;
				CLANG_ENABLE_OBJC_WEAK = YES;
				CLANG_WARN_BLOCK_CAPTURE_AUTORELEASING = YES;
				CLANG_WARN_BOOL_CONVERSION = YES;
				CLANG_WARN_COMMA = YES;
				CLANG_WARN_CONSTANT_CONVERSION = YES;
				CLANG_WARN_DEPRECATED_OBJC_IMPLEMENTATIONS = YES;
				CLANG_WARN_DIRECT_OBJC_ISA_USAGE = YES_ERROR;
				CLANG_WARN_DOCUMENTATION_COMMENTS = YES;
				CLANG_WARN_EMPTY_BODY = YES;
				CLANG_WARN_ENUM_CONVERSION = YES;
				CLANG_WARN_INFINITE_RECURSION = YES;
				CLANG_WARN_INT_CONVERSION = YES;
				CLANG_WARN_NON_LITERAL_NULL_CONVERSION = YES;
				CLANG_WARN_OBJC_IMPLICIT_RETAIN_SELF = YES;
				CLANG_WARN_OBJC_LITERAL_CONVERSION = YES;
				CLANG_WARN_OBJC_ROOT_CLASS = YES_ERROR;
				CLANG_WARN_QUOTED_INCLUDE_IN_FRAMEWORK_HEADER = YES;
				CLANG_WARN_RANGE_LOOP_ANALYSIS = YES;
				CLANG_WARN_STRICT_PROTOTYPES = YES;
				CLANG_WARN_SUSPICIOUS_MOVE = YES;
				CLANG_WARN_UNGUARDED_AVAILABILITY = YES_AGGRESSIVE;
				CLANG_WARN_UNREACHABLE_CODE = YES;
				CLANG_WARN__DUPLICATE_METHOD_MATCH = YES;
				COPY_PHASE_STRIP = NO;
				DEBUG_INFORMATION_FORMAT = "dwarf-with-dsym";
				ENABLE_NS_ASSERTIONS = NO;
				ENABLE_STRICT_OBJC_MSGSEND = YES;
				ENABLE_USER_SCRIPT_SANDBOXING = YES;
				GCC_C_LANGUAGE_STANDARD = gnu17;
				GCC_NO_COMMON_BLOCKS = YES;
				GCC_WARN_64_TO_32_BIT_CONVERSION = YES;
				GCC_WARN_ABOUT_RETURN_TYPE = YES_ERROR;
				GCC_WARN_UNDECLARED_SELECTOR = YES;
				GCC_WARN_UNINITIALIZED_AUTOS = YES_AGGRESSIVE;
				GCC_WARN_UNUSED_FUNCTION = YES;
				GCC_WARN_UNUSED_VARIABLE = YES;
				IPHONEOS_DEPLOYMENT_TARGET = 17.2;
				LOCALIZATION_PREFERS_STRING_CATALOGS = YES;
				MTL_ENABLE_DEBUG_INFO = NO;
				MTL_FAST_MATH = YES;
				SDKROOT = iphoneos;
				SWIFT_COMPILATION_MODE = wholemodule;
				VALIDATE_PRODUCT = YES;
			};
			name = Release;
		};
		818504BA2B930A3D00989BE3 /* Debug */ = {
			isa = XCBuildConfiguration;
			buildSettings = {
				ASSETCATALOG_COMPILER_APPICON_NAME = AppIcon;
				ASSETCATALOG_COMPILER_GLOBAL_ACCENT_COLOR_NAME = AccentColor;
				CODE_SIGN_STYLE = Automatic;
				CURRENT_PROJECT_VERSION = 1;
				DEVELOPMENT_ASSET_PATHS = "\"PocketDoc/Preview Content\"";
				ENABLE_PREVIEWS = YES;
				GENERATE_INFOPLIST_FILE = YES;
				INFOPLIST_KEY_UIApplicationSceneManifest_Generation = YES;
				INFOPLIST_KEY_UIApplicationSupportsIndirectInputEvents = YES;
				INFOPLIST_KEY_UILaunchScreen_Generation = YES;
				INFOPLIST_KEY_UISupportedInterfaceOrientations_iPad = "UIInterfaceOrientationPortrait UIInterfaceOrientationPortraitUpsideDown UIInterfaceOrientationLandscapeLeft UIInterfaceOrientationLandscapeRight";
				INFOPLIST_KEY_UISupportedInterfaceOrientations_iPhone = "UIInterfaceOrientationPortrait UIInterfaceOrientationLandscapeLeft UIInterfaceOrientationLandscapeRight";
				LD_RUNPATH_SEARCH_PATHS = (
					"$(inherited)",
					"@executable_path/Frameworks",
				);
				MARKETING_VERSION = 1.0;
				PRODUCT_BUNDLE_IDENTIFIER = com.uottahack6.PocketDoc;
				PRODUCT_NAME = "$(TARGET_NAME)";
				SWIFT_EMIT_LOC_STRINGS = YES;
				SWIFT_VERSION = 5.0;
				TARGETED_DEVICE_FAMILY = "1,2";
			};
			name = Debug;
		};
		818504BB2B930A3D00989BE3 /* Release */ = {
			isa = XCBuildConfiguration;
			buildSettings = {
				ASSETCATALOG_COMPILER_APPICON_NAME = AppIcon;
				ASSETCATALOG_COMPILER_GLOBAL_ACCENT_COLOR_NAME = AccentColor;
				CODE_SIGN_STYLE = Automatic;
				CURRENT_PROJECT_VERSION = 1;
				DEVELOPMENT_ASSET_PATHS = "\"PocketDoc/Preview Content\"";
				ENABLE_PREVIEWS = YES;
				GENERATE_INFOPLIST_FILE = YES;
				INFOPLIST_KEY_UIApplicationSceneManifest_Generation = YES;
				INFOPLIST_KEY_UIApplicationSupportsIndirectInputEvents = YES;
				INFOPLIST_KEY_UILaunchScreen_Generation = YES;
				INFOPLIST_KEY_UISupportedInterfaceOrientations_iPad = "UIInterfaceOrientationPortrait UIInterfaceOrientationPortraitUpsideDown UIInterfaceOrientationLandscapeLeft UIInterfaceOrientationLandscapeRight";
				INFOPLIST_KEY_UISupportedInterfaceOrientations_iPhone = "UIInterfaceOrientationPortrait UIInterfaceOrientationLandscapeLeft UIInterfaceOrientationLandscapeRight";
				LD_RUNPATH_SEARCH_PATHS = (
					"$(inherited)",
					"@executable_path/Frameworks",
				);
				MARKETING_VERSION = 1.0;
				PRODUCT_BUNDLE_IDENTIFIER = com.uottahack6.PocketDoc;
				PRODUCT_NAME = "$(TARGET_NAME)";
				SWIFT_EMIT_LOC_STRINGS = YES;
				SWIFT_VERSION = 5.0;
				TARGETED_DEVICE_FAMILY = "1,2";
			};
			name = Release;
		};
		818504BD2B930A3D00989BE3 /* Debug */ = {
			isa = XCBuildConfiguration;
			buildSettings = {
				ALWAYS_EMBED_SWIFT_STANDARD_LIBRARIES = YES;
				BUNDLE_LOADER = "$(TEST_HOST)";
				CODE_SIGN_STYLE = Automatic;
				CURRENT_PROJECT_VERSION = 1;
				GENERATE_INFOPLIST_FILE = YES;
				IPHONEOS_DEPLOYMENT_TARGET = 17.2;
				MARKETING_VERSION = 1.0;
				PRODUCT_BUNDLE_IDENTIFIER = com.uottahack6.PocketDocTests;
				PRODUCT_NAME = "$(TARGET_NAME)";
				SWIFT_EMIT_LOC_STRINGS = NO;
				SWIFT_VERSION = 5.0;
				TARGETED_DEVICE_FAMILY = "1,2";
				TEST_HOST = "$(BUILT_PRODUCTS_DIR)/PocketDoc.app/$(BUNDLE_EXECUTABLE_FOLDER_PATH)/PocketDoc";
			};
			name = Debug;
		};
		818504BE2B930A3D00989BE3 /* Release */ = {
			isa = XCBuildConfiguration;
			buildSettings = {
				ALWAYS_EMBED_SWIFT_STANDARD_LIBRARIES = YES;
				BUNDLE_LOADER = "$(TEST_HOST)";
				CODE_SIGN_STYLE = Automatic;
				CURRENT_PROJECT_VERSION = 1;
				GENERATE_INFOPLIST_FILE = YES;
				IPHONEOS_DEPLOYMENT_TARGET = 17.2;
				MARKETING_VERSION = 1.0;
				PRODUCT_BUNDLE_IDENTIFIER = com.uottahack6.PocketDocTests;
				PRODUCT_NAME = "$(TARGET_NAME)";
				SWIFT_EMIT_LOC_STRINGS = NO;
				SWIFT_VERSION = 5.0;
				TARGETED_DEVICE_FAMILY = "1,2";
				TEST_HOST = "$(BUILT_PRODUCTS_DIR)/PocketDoc.app/$(BUNDLE_EXECUTABLE_FOLDER_PATH)/PocketDoc";
			};
			name = Release;
		};
		818504C02B930A3D00989BE3 /* Debug */ = {
			isa = XCBuildConfiguration;
			buildSettings = {
				ALWAYS_EMBED_SWIFT_STANDARD_LIBRARIES = YES;
				CODE_SIGN_STYLE = Automatic;
				CURRENT_PROJECT_VERSION = 1;
				GENERATE_INFOPLIST_FILE = YES;
				MARKETING_VERSION = 1.0;
				PRODUCT_BUNDLE_IDENTIFIER = com.uottahack6.PocketDocUITests;
				PRODUCT_NAME = "$(TARGET_NAME)";
				SWIFT_EMIT_LOC_STRINGS = NO;
				SWIFT_VERSION = 5.0;
				TARGETED_DEVICE_FAMILY = "1,2";
				TEST_TARGET_NAME = PocketDoc;
			};
			name = Debug;
		};
		818504C12B930A3D00989BE3 /* Release */ = {
			isa = XCBuildConfiguration;
			buildSettings = {
				ALWAYS_EMBED_SWIFT_STANDARD_LIBRARIES = YES;
				CODE_SIGN_STYLE = Automatic;
				CURRENT_PROJECT_VERSION = 1;
				GENERATE_INFOPLIST_FILE = YES;
				MARKETING_VERSION = 1.0;
				PRODUCT_BUNDLE_IDENTIFIER = com.uottahack6.PocketDocUITests;
				PRODUCT_NAME = "$(TARGET_NAME)";
				SWIFT_EMIT_LOC_STRINGS = NO;
				SWIFT_VERSION = 5.0;
				TARGETED_DEVICE_FAMILY = "1,2";
				TEST_TARGET_NAME = PocketDoc;
			};
			name = Release;
		};
/* End XCBuildConfiguration section */

/* Begin XCConfigurationList section */
		8185048E2B930A3900989BE3 /* Build configuration list for PBXProject "PocketDoc" */ = {
			isa = XCConfigurationList;
			buildConfigurations = (
				818504B72B930A3D00989BE3 /* Debug */,
				818504B82B930A3D00989BE3 /* Release */,
			);
			defaultConfigurationIsVisible = 0;
			defaultConfigurationName = Release;
		};
		818504B92B930A3D00989BE3 /* Build configuration list for PBXNativeTarget "PocketDoc" */ = {
			isa = XCConfigurationList;
			buildConfigurations = (
				818504BA2B930A3D00989BE3 /* Debug */,
				818504BB2B930A3D00989BE3 /* Release */,
			);
			defaultConfigurationIsVisible = 0;
			defaultConfigurationName = Release;
		};
		818504BC2B930A3D00989BE3 /* Build configuration list for PBXNativeTarget "PocketDocTests" */ = {
			isa = XCConfigurationList;
			buildConfigurations = (
				818504BD2B930A3D00989BE3 /* Debug */,
				818504BE2B930A3D00989BE3 /* Release */,
			);
			defaultConfigurationIsVisible = 0;
			defaultConfigurationName = Release;
		};
		818504BF2B930A3D00989BE3 /* Build configuration list for PBXNativeTarget "PocketDocUITests" */ = {
			isa = XCConfigurationList;
			buildConfigurations = (
				818504C02B930A3D00989BE3 /* Debug */,
				818504C12B930A3D00989BE3 /* Release */,
			);
			defaultConfigurationIsVisible = 0;
			defaultConfigurationName = Release;
		};
/* End XCConfigurationList section */

/* Begin XCLocalSwiftPackageReference section */
		818504C92B93EA6600989BE3 /* XCLocalSwiftPackageReference "../Downloads/Cohere-main" */ = {
			isa = XCLocalSwiftPackageReference;
			relativePath = "../Downloads/Cohere-main";
		};
/* End XCLocalSwiftPackageReference section */

/* Begin XCRemoteSwiftPackageReference section */
		818504C42B93867900989BE3 /* XCRemoteSwiftPackageReference "Auth0" */ = {
			isa = XCRemoteSwiftPackageReference;
			repositoryURL = "https://github.com/auth0/Auth0.swift";
			requirement = {
				kind = upToNextMajorVersion;
				minimumVersion = 2.6.0;
			};
		};
		818504CC2B9419B000989BE3 /* XCRemoteSwiftPackageReference "SQLite" */ = {
			isa = XCRemoteSwiftPackageReference;
			repositoryURL = "https://github.com/stephencelis/SQLite.swift";
			requirement = {
				kind = upToNextMajorVersion;
				minimumVersion = 0.15.0;
			};
		};
/* End XCRemoteSwiftPackageReference section */

/* Begin XCSwiftPackageProductDependency section */
		818504C52B93867900989BE3 /* Auth0 */ = {
			isa = XCSwiftPackageProductDependency;
			package = 818504C42B93867900989BE3 /* XCRemoteSwiftPackageReference "Auth0" */;
			productName = Auth0;
		};
		818504CA2B93EA6600989BE3 /* Cohere */ = {
			isa = XCSwiftPackageProductDependency;
			productName = Cohere;
		};
		818504CD2B9419B100989BE3 /* SQLite */ = {
			isa = XCSwiftPackageProductDependency;
			package = 818504CC2B9419B000989BE3 /* XCRemoteSwiftPackageReference "SQLite" */;
			productName = SQLite;
		};
/* End XCSwiftPackageProductDependency section */
	};
	rootObject = 8185048B2B930A3900989BE3 /* Project object */;
}
